<Solution>
  <Folder Name="/src/">
    <Project Path="src/EverybodyCodes.Cli/EverybodyCodes.Cli.csproj" />
    <Project Path="src/EverybodyCodes.Solutions/EverybodyCodes.Solutions.csproj" />
  </Folder>
  <Folder Name="/tests/">
    <Project Path="tests/EverybodyCodes.Solutions.Tests/EverybodyCodes.Solutions.Tests.csproj" />
  </Folder>
</Solution>
